
Microsoft Visual Studio Solution File, Format Version 12.00
# Visual Studio Version 17
VisualStudioVersion = 17.14.36518.9 d17.14
MinimumVisualStudioVersion = 10.0.40219.1
Project("{FAE04EC0-301F-11D3-BF4B-00C04F79EFBC}") = "TanLiHong_Project", "TanLiHong_Project\TanLiHong_Project.csproj", "{C87371F2-08F8-43B1-9303-AA0E545EE03E}"
EndProject
Global
	GlobalSection(SolutionConfigurationPlatforms) = preSolution
		Debug|Any CPU = Debug|Any CPU
		Release|Any CPU = Release|Any CPU
	EndGlobalSection
	GlobalSection(ProjectConfigurationPlatforms) = postSolution
		{C87371F2-08F8-43B1-9303-AA0E545EE03E}.Debug|Any CPU.ActiveCfg = Debug|Any CPU
		{C87371F2-08F8-43B1-9303-AA0E545EE03E}.Debug|Any CPU.Build.0 = Debug|Any CPU
		{C87371F2-08F8-43B1-9303-AA0E545EE03E}.Release|Any CPU.ActiveCfg = Release|Any CPU
		{C87371F2-08F8-43B1-9303-AA0E545EE03E}.Release|Any CPU.Build.0 = Release|Any CPU
	EndGlobalSection
	GlobalSection(SolutionProperties) = preSolution
		HideSolutionNode = FALSE
	EndGlobalSection
	GlobalSection(ExtensibilityGlobals) = postSolution
		SolutionGuid = {A9C72E02-201B-4AED-A3E7-BB2256493FD5}
	EndGlobalSection
EndGlobal
